// !$*UTF8*$!
{
	archiveVersion = 1;
	classes = {
	};
	objectVersion = 50;
	objects = {

/* Begin PBXBuildFile section */
		5A2287B31F3F50E4A35343F1 /* libPods-testgit.a in Frameworks */ = {isa = PBXBuildFile; fileRef = 6A118B902F72A91680402FEC /* libPods-testgit.a */; };
		B4AB724E22827D1C00F67401 /* AppDelegate.m in Sources */ = {isa = PBXBuildFile; fileRef = B4AB724D22827D1C00F67401 /* AppDelegate.m */; };
		B4AB725122827D1C00F67401 /* ViewController.m in Sources */ = {isa = PBXBuildFile; fileRef = B4AB725022827D1C00F67401 /* ViewController.m */; };
		B4AB725422827D1C00F67401 /* Main.storyboard in Resources */ = {isa = PBXBuildFile; fileRef = B4AB725222827D1C00F67401 /* Main.storyboard */; };
		B4AB725622827D1C00F67401 /* Assets.xcassets in Resources */ = {isa = PBXBuildFile; fileRef = B4AB725522827D1C00F67401 /* Assets.xcassets */; };
		B4AB725922827D1C00F67401 /* LaunchScreen.storyboard in Resources */ = {isa = PBXBuildFile; fileRef = B4AB725722827D1C00F67401 /* LaunchScreen.storyboard */; };
		B4AB725C22827D1C00F67401 /* main.m in Sources */ = {isa = PBXBuildFile; fileRef = B4AB725B22827D1C00F67401 /* main.m */; };
/* End PBXBuildFile section */

/* Begin PBXFileReference section */
		6A118B902F72A91680402FEC /* libPods-testgit.a */ = {isa = PBXFileReference; explicitFileType = archive.ar; includeInIndex = 0; path = "libPods-testgit.a"; sourceTree = BUILT_PRODUCTS_DIR; };
		9DB1466092EB51DE9C5298C5 /* Pods-testgit.debug.xcconfig */ = {isa = PBXFileReference; includeInIndex = 1; lastKnownFileType = text.xcconfig; name = "Pods-testgit.debug.xcconfig"; path = "Target Support Files/Pods-testgit/Pods-testgit.debug.xcconfig"; sourceTree = "<group>"; };
		B4AB724922827D1C00F67401 /* testgit.app */ = {isa = PBXFileReference; explicitFileType = wrapper.application; includeInIndex = 0; path = testgit.app; sourceTree = BUILT_PRODUCTS_DIR; };
		B4AB724C22827D1C00F67401 /* AppDelegate.h */ = {isa = PBXFileReference; lastKnownFileType = sourcecode.c.h; path = AppDelegate.h; sourceTree = "<group>"; };
		B4AB724D22827D1C00F67401 /* AppDelegate.m */ = {isa = PBXFileReference; lastKnownFileType = sourcecode.c.objc; path = AppDelegate.m; sourceTree = "<group>"; };
		B4AB724F22827D1C00F67401 /* ViewController.h */ = {isa = PBXFileReference; lastKnownFileType = sourcecode.c.h; path = ViewController.h; sourceTree = "<group>"; };
		B4AB725022827D1C00F67401 /* ViewController.m */ = {isa = PBXFileReference; lastKnownFileType = sourcecode.c.objc; path = ViewController.m; sourceTree = "<group>"; };
		B4AB725322827D1C00F67401 /* Base */ = {isa = PBXFileReference; lastKnownFileType = file.storyboard; name = Base; path = Base.lproj/Main.storyboard; sourceTree = "<group>"; };
		B4AB725522827D1C00F67401 /* Assets.xcassets */ = {isa = PBXFileReference; lastKnownFileType = folder.assetcatalog; path = Assets.xcassets; sourceTree = "<group>"; };
		B4AB725822827D1C00F67401 /* Base */ = {isa = PBXFileReference; lastKnownFileType = file.storyboard; name = Base; path = Base.lproj/LaunchScreen.storyboard; sourceTree = "<group>"; };
		B4AB725A22827D1C00F67401 /* Info.plist */ = {isa = PBXFileReference; lastKnownFileType = text.plist.xml; path = Info.plist; sourceTree = "<group>"; };
		B4AB725B22827D1C00F67401 /* main.m */ = {isa = PBXFileReference; lastKnownFileType = sourcecode.c.objc; path = main.m; sourceTree = "<group>"; };
		FC7D25FA9763D0AFF19B8AA7 /* Pods-testgit.release.xcconfig */ = {isa = PBXFileReference; includeInIndex = 1; lastKnownFileType = text.xcconfig; name = "Pods-testgit.release.xcconfig"; path = "Target Support Files/Pods-testgit/Pods-testgit.release.xcconfig"; sourceTree = "<group>"; };
/* End PBXFileReference section */

/* Begin PBXFrameworksBuildPhase section */
		B4AB724622827D1C00F67401 /* Frameworks */ = {
			isa = PBXFrameworksBuildPhase;
			buildActionMask = 2147483647;
			files = (
				5A2287B31F3F50E4A35343F1 /* libPods-testgit.a in Frameworks */,
			);
			runOnlyForDeploymentPostprocessing = 0;
		};
/* End PBXFrameworksBuildPhase section */

/* Begin PBXGroup section */
		44F4853F21D7DADD728C3B34 /* Frameworks */ = {
			isa = PBXGroup;
			children = (
				6A118B902F72A91680402FEC /* libPods-testgit.a */,
			);
			name = Frameworks;
			sourceTree = "<group>";
		};
		752E159A8066E693B3A63C8A /* Pods */ = {
			isa = PBXGroup;
			children = (
				9DB1466092EB51DE9C5298C5 /* Pods-testgit.debug.xcconfig */,
				FC7D25FA9763D0AFF19B8AA7 /* Pods-testgit.release.xcconfig */,
			);
			name = Pods;
			path = Pods;
			sourceTree = "<group>";
		};
		B4AB724022827D1C00F67401 = {
			isa = PBXGroup;
			children = (
				B4AB724B22827D1C00F67401 /* testgit */,
				B4AB724A22827D1C00F67401 /* Products */,
				752E159A8066E693B3A63C8A /* Pods */,
				44F4853F21D7DADD728C3B34 /* Frameworks */,
			);
			sourceTree = "<group>";
		};
		B4AB724A22827D1C00F67401 /* Products */ = {
			isa = PBXGroup;
			children = (
				B4AB724922827D1C00F67401 /* testgit.app */,
			);
			name = Products;
			sourceTree = "<group>";
		};
		B4AB724B22827D1C00F67401 /* testgit */ = {
			isa = PBXGroup;
			children = (
				B4AB724C22827D1C00F67401 /* AppDelegate.h */,
				B4AB724D22827D1C00F67401 /* AppDelegate.m */,
				B4AB724F22827D1C00F67401 /* ViewController.h */,
				B4AB725022827D1C00F67401 /* ViewController.m */,
				B4AB725222827D1C00F67401 /* Main.storyboard */,
				B4AB725522827D1C00F67401 /* Assets.xcassets */,
				B4AB725722827D1C00F67401 /* LaunchScreen.storyboard */,
				B4AB725A22827D1C00F67401 /* Info.plist */,
				B4AB725B22827D1C00F67401 /* main.m */,
			);
			path = testgit;
			sourceTree = "<group>";
		};
/* End PBXGroup section */

/* Begin PBXNativeTarget section */
		B4AB724822827D1C00F67401 /* testgit */ = {
			isa = PBXNativeTarget;
			buildConfigurationList = B4AB725F22827D1C00F67401 /* Build configuration list for PBXNativeTarget "testgit" */;
			buildPhases = (
				AB82AFCC52BFEF77CA06FE00 /* [CP] Check Pods Manifest.lock */,
				B4AB724522827D1C00F67401 /* Sources */,
				B4AB724622827D1C00F67401 /* Frameworks */,
				B4AB724722827D1C00F67401 /* Resources */,
			);
			buildRules = (
			);
			dependencies = (
			);
			name = testgit;
			productName = testgit;
			productReference = B4AB724922827D1C00F67401 /* testgit.app */;
			productType = "com.apple.product-type.application";
		};
/* End PBXNativeTarget section */

/* Begin PBXProject section */
		B4AB724122827D1C00F67401 /* Project object */ = {
			isa = PBXProject;
			attributes = {
				LastUpgradeCheck = 1020;
				ORGANIZATIONNAME = westone;
				TargetAttributes = {
					B4AB724822827D1C00F67401 = {
						CreatedOnToolsVersion = 10.2.1;
					};
				};
			};
			buildConfigurationList = B4AB724422827D1C00F67401 /* Build configuration list for PBXProject "testgit" */;
			compatibilityVersion = "Xcode 9.3";
			developmentRegion = en;
			hasScannedForEncodings = 0;
			knownRegions = (
				en,
				Base,
			);
			mainGroup = B4AB724022827D1C00F67401;
			productRefGroup = B4AB724A22827D1C00F67401 /* Products */;
			projectDirPath = "";
			projectRoot = "";
			targets = (
				B4AB724822827D1C00F67401 /* testgit */,
			);
		};
/* End PBXProject section */

/* Begin PBXResourcesBuildPhase section */
		B4AB724722827D1C00F67401 /* Resources */ = {
			isa = PBXResourcesBuildPhase;
			buildActionMask = 2147483647;
			files = (
				B4AB725922827D1C00F67401 /* LaunchScreen.storyboard in Resources */,
				B4AB725622827D1C00F67401 /* Assets.xcassets in Resources */,
				B4AB725422827D1C00F67401 /* Main.storyboard in Resources */,
			);
			runOnlyForDeploymentPostprocessing = 0;
		};
/* End PBXResourcesBuildPhase section */

/* Begin PBXShellScriptBuildPhase section */
		AB82AFCC52BFEF77CA06FE00 /* [CP] Check Pods Manifest.lock */ = {
			isa = PBXShellScriptBuildPhase;
			buildActionMask = 2147483647;
			files = (
			);
			inputFileListPaths = (
			);
			inputPaths = (
				"${PODS_PODFILE_DIR_PATH}/Podfile.lock",
				"${PODS_ROOT}/Manifest.lock",
			);
			name = "[CP] Check Pods Manifest.lock";
			outputFileListPaths = (
			);
			outputPaths = (
				"$(DERIVED_FILE_DIR)/Pods-testgit-checkManifestLockResult.txt",
			);
			runOnlyForDeploymentPostprocessing = 0;
			shellPath = /bin/sh;
			shellScript = "diff \"${PODS_PODFILE_DIR_PATH}/Podfile.lock\" \"${PODS_ROOT}/Manifest.lock\" > /dev/null\nif [ $? != 0 ] ; then\n    # print error to STDERR\n    echo \"error: The sandbox is not in sync with the Podfile.lock. Run 'pod install' or update your CocoaPods installation.\" >&2\n    exit 1\nfi\n# This output is used by Xcode 'outputs' to avoid re-running this script phase.\necho \"SUCCESS\" > \"${SCRIPT_OUTPUT_FILE_0}\"\n";
			showEnvVarsInLog = 0;
		};
/* End PBXShellScriptBuildPhase section */

/* Begin PBXSourcesBuildPhase section */
		B4AB724522827D1C00F67401 /* Sources */ = {
			isa = PBXSourcesBuildPhase;
			buildActionMask = 2147483647;
			files = (
				B4AB725122827D1C00F67401 /* ViewController.m in Sources */,
				B4AB725C22827D1C00F67401 /* main.m in Sources */,
				B4AB724E22827D1C00F67401 /* AppDelegate.m in Sources */,
			);
			runOnlyForDeploymentPostprocessing = 0;
		};
/* End PBXSourcesBuildPhase section */

/* Begin PBXVariantGroup section */
		B4AB725222827D1C00F67401 /* Main.storyboard */ = {
			isa = PBXVariantGroup;
			children = (
				B4AB725322827D1C00F67401 /* Base */,
			);
			name = Main.storyboard;
			sourceTree = "<group>";
		};
		B4AB725722827D1C00F67401 /* LaunchScreen.storyboard */ = {
			isa = PBXVariantGroup;
			children = (
				B4AB725822827D1C00F67401 /* Base */,
			);
			name = LaunchScreen.storyboard;
			sourceTree = "<group>";
		};
/* End PBXVariantGroup section */

/* Begin XCBuildConfiguration section */
		B4AB725D22827D1C00F67401 /* Debug */ = {
			isa = XCBuildConfiguration;
			buildSettings = {
				ALWAYS_SEARCH_USER_PATHS = NO;
				CLANG_ANALYZER_NONNULL = YES;
				CLANG_ANALYZER_NUMBER_OBJECT_CONVERSION = YES_AGGRESSIVE;
				CLANG_CXX_LANGUAGE_STANDARD = "gnu++14";
				CLANG_CXX_LIBRARY = "libc++";
				CLANG_ENABLE_MODULES = YES;
				CLANG_ENABLE_OBJC_ARC = YES;
				CLANG_ENABLE_OBJC_WEAK = YES;
				CLANG_WARN_BLOCK_CAPTURE_AUTORELEASING = YES;
				CLANG_WARN_BOOL_CONVERSION = YES;
				CLANG_WARN_COMMA = YES;
				CLANG_WARN_CONSTANT_CONVERSION = YES;
				CLANG_WARN_DEPRECATED_OBJC_IMPLEMENTATIONS = YES;
				CLANG_WARN_DIRECT_OBJC_ISA_USAGE = YES_ERROR;
				CLANG_WARN_DOCUMENTATION_COMMENTS = YES;
				CLANG_WARN_EMPTY_BODY = YES;
				CLANG_WARN_ENUM_CONVERSION = YES;
				CLANG_WARN_INFINITE_RECURSION = YES;
				CLANG_WARN_INT_CONVERSION = YES;
				CLANG_WARN_NON_LITERAL_NULL_CONVERSION = YES;
				CLANG_WARN_OBJC_IMPLICIT_RETAIN_SELF = YES;
				CLANG_WARN_OBJC_LITERAL_CONVERSION = YES;
				CLANG_WARN_OBJC_ROOT_CLASS = YES_ERROR;
				CLANG_WARN_RANGE_LOOP_ANALYSIS = YES;
				CLANG_WARN_STRICT_PROTOTYPES = YES;
				CLANG_WARN_SUSPICIOUS_MOVE = YES;
				CLANG_WARN_UNGUARDED_AVAILABILITY = YES_AGGRESSIVE;
				CLANG_WARN_UNREACHABLE_CODE = YES;
				CLANG_WARN__DUPLICATE_METHOD_MATCH = YES;
				CODE_SIGN_IDENTITY = "iPhone Developer";
				COPY_PHASE_STRIP = NO;
				DEBUG_INFORMATION_FORMAT = dwarf;
				ENABLE_STRICT_OBJC_MSGSEND = YES;
				ENABLE_TESTABILITY = YES;
				GCC_C_LANGUAGE_STANDARD = gnu11;
				GCC_DYNAMIC_NO_PIC = NO;
				GCC_NO_COMMON_BLOCKS = YES;
				GCC_OPTIMIZATION_LEVEL = 0;
				GCC_PREPROCESSOR_DEFINITIONS = (
					"DEBUG=1",
					"$(inherited)",
				);
				GCC_WARN_64_TO_32_BIT_CONVERSION = YES;
				GCC_WARN_ABOUT_RETURN_TYPE = YES_ERROR;
				GCC_WARN_UNDECLARED_SELECTOR = YES;
				GCC_WARN_UNINITIALIZED_AUTOS = YES_AGGRESSIVE;
				GCC_WARN_UNUSED_FUNCTION = YES;
				GCC_WARN_UNUSED_VARIABLE = YES;
				IPHONEOS_DEPLOYMENT_TARGET = 12.2;
				MTL_ENABLE_DEBUG_INFO = INCLUDE_SOURCE;
				MTL_FAST_MATH = YES;
				ONLY_ACTIVE_ARCH = YES;
				SDKROOT = iphoneos;
			};
			name = Debug;
		};
		B4AB725E22827D1C00F67401 /* Release */ = {
			isa = XCBuildConfiguration;
			buildSettings = {
				ALWAYS_SEARCH_USER_PATHS = NO;
				CLANG_ANALYZER_NONNULL = YES;
				CLANG_ANALYZER_NUMBER_OBJECT_CONVERSION = YES_AGGRESSIVE;
				CLANG_CXX_LANGUAGE_STANDARD = "gnu++14";
				CLANG_CXX_LIBRARY = "libc++";
				CLANG_ENABLE_MODULES = YES;
				CLANG_ENABLE_OBJC_ARC = YES;
				CLANG_ENABLE_OBJC_WEAK = YES;
				CLANG_WARN_BLOCK_CAPTURE_AUTORELEASING = YES;
				CLANG_WARN_BOOL_CONVERSION = YES;
				CLANG_WARN_COMMA = YES;
				CLANG_WARN_CONSTANT_CONVERSION = YES;
				CLANG_WARN_DEPRECATED_OBJC_IMPLEMENTATIONS = YES;
				CLANG_WARN_DIRECT_OBJC_ISA_USAGE = YES_ERROR;
				CLANG_WARN_DOCUMENTATION_COMMENTS = YES;
				CLANG_WARN_EMPTY_BODY = YES;
				CLANG_WARN_ENUM_CONVERSION = YES;
				CLANG_WARN_INFINITE_RECURSION = YES;
				CLANG_WARN_INT_CONVERSION = YES;
				CLANG_WARN_NON_LITERAL_NULL_CONVERSION = YES;
				CLANG_WARN_OBJC_IMPLICIT_RETAIN_SELF = YES;
				CLANG_WARN_OBJC_LITERAL_CONVERSION = YES;
				CLANG_WARN_OBJC_ROOT_CLASS = YES_ERROR;
				CLANG_WARN_RANGE_LOOP_ANALYSIS = YES;
				CLANG_WARN_STRICT_PROTOTYPES = YES;
				CLANG_WARN_SUSPICIOUS_MOVE = YES;
				CLANG_WARN_UNGUARDED_AVAILABILITY = YES_AGGRESSIVE;
				CLANG_WARN_UNREACHABLE_CODE = YES;
				CLANG_WARN__DUPLICATE_METHOD_MATCH = YES;
				CODE_SIGN_IDENTITY = "iPhone Developer";
				COPY_PHASE_STRIP = NO;
				DEBUG_INFORMATION_FORMAT = "dwarf-with-dsym";
				ENABLE_NS_ASSERTIONS = NO;
				ENABLE_STRICT_OBJC_MSGSEND = YES;
				GCC_C_LANGUAGE_STANDARD = gnu11;
				GCC_NO_COMMON_BLOCKS = YES;
				GCC_WARN_64_TO_32_BIT_CONVERSION = YES;
				GCC_WARN_ABOUT_RETURN_TYPE = YES_ERROR;
				GCC_WARN_UNDECLARED_SELECTOR = YES;
				GCC_WARN_UNINITIALIZED_AUTOS = YES_AGGRESSIVE;
				GCC_WARN_UNUSED_FUNCTION = YES;
				GCC_WARN_UNUSED_VARIABLE = YES;
				IPHONEOS_DEPLOYMENT_TARGET = 12.2;
				MTL_ENABLE_DEBUG_INFO = NO;
				MTL_FAST_MATH = YES;
				SDKROOT = iphoneos;
				VALIDATE_PRODUCT = YES;
			};
			name = Release;
		};
		B4AB726022827D1C00F67401 /* Debug */ = {
			isa = XCBuildConfiguration;
			baseConfigurationReference = 9DB1466092EB51DE9C5298C5 /* Pods-testgit.debug.xcconfig */;
			buildSettings = {
				ASSETCATALOG_COMPILER_APPICON_NAME = AppIcon;
				CODE_SIGN_STYLE = Automatic;
				INFOPLIST_FILE = testgit/Info.plist;
				LD_RUNPATH_SEARCH_PATHS = (
					"$(inherited)",
					"@executable_path/Frameworks",
				);
				PRODUCT_BUNDLE_IDENTIFIER = cn.com.westone.testgit;
				PRODUCT_NAME = "$(TARGET_NAME)";
				TARGETED_DEVICE_FAMILY = "1,2";
			};
			name = Debug;
		};
		B4AB726122827D1C00F67401 /* Release */ = {
			isa = XCBuildConfiguration;
			baseConfigurationReference = FC7D25FA9763D0AFF19B8AA7 /* Pods-testgit.release.xcconfig */;
			buildSettings = {
				ASSETCATALOG_COMPILER_APPICON_NAME = AppIcon;
				CODE_SIGN_STYLE = Automatic;
				INFOPLIST_FILE = testgit/Info.plist;
				LD_RUNPATH_SEARCH_PATHS = (
					"$(inherited)",
					"@executable_path/Frameworks",
				);
				PRODUCT_BUNDLE_IDENTIFIER = cn.com.westone.testgit;
				PRODUCT_NAME = "$(TARGET_NAME)";
				TARGETED_DEVICE_FAMILY = "1,2";
			};
			name = Release;
		};
/* End XCBuildConfiguration section */

/* Begin XCConfigurationList section */
		B4AB724422827D1C00F67401 /* Build configuration list for PBXProject "testgit" */ = {
			isa = XCConfigurationList;
			buildConfigurations = (
				B4AB725D22827D1C00F67401 /* Debug */,
				B4AB725E22827D1C00F67401 /* Release */,
			);
			defaultConfigurationIsVisible = 0;
			defaultConfigurationName = Release;
		};
		B4AB725F22827D1C00F67401 /* Build configuration list for PBXNativeTarget "testgit" */ = {
			isa = XCConfigurationList;
			buildConfigurations = (
				B4AB726022827D1C00F67401 /* Debug */,
				B4AB726122827D1C00F67401 /* Release */,
			);
			defaultConfigurationIsVisible = 0;
			defaultConfigurationName = Release;
		};
/* End XCConfigurationList section */
	};
	rootObject = B4AB724122827D1C00F67401 /* Project object */;
}
